{
  "originHash" : "b3d469737e2fd0687b17812621644caa41a5cfacdd9f16988404acb4c8907fc3",
  "pins" : [
    {
      "identity" : "nsobject-safeexpectations",
      "kind" : "remoteSourceControl",
      "location" : "https://github.com/wordpress-mobile/NSObject-SafeExpectations",
      "state" : {
        "revision" : "eb84d994ab13a153888a19e5b99f536aafa77434",
        "version" : "0.0.6"
      }
    },
    {
      "identity" : "ocmock",
      "kind" : "remoteSourceControl",
      "location" : "https://github.com/erikdoe/ocmock",
      "state" : {
        "revision" : "2c0bfd373289f4a7716db5d6db471640f91a6507"
      }
    },
    {
      "identity" : "ohhttpstubs",
      "kind" : "remoteSourceControl",
      "location" : "https://github.com/AliSoftware/OHHTTPStubs",
      "state" : {
        "revision" : "12f19662426d0434d6c330c6974d53e2eb10ecd9",
        "version" : "9.1.0"
      }
    },
    {
      "identity" : "test-collector-swift",
      "kind" : "remoteSourceControl",
      "location" : "https://github.com/buildkite/test-collector-swift",
      "state" : {
        "revision" : "631a2400dbe876141a3ef8c7400885907fec7f89",
        "version" : "0.4.1"
      }
    },
    {
      "identity" : "wpxmlrpc",
      "kind" : "remoteSourceControl",
      "location" : "https://github.com/wordpress-mobile/wpxmlrpc",
      "state" : {
        "revision" : "bfc413d336bdeaab89e62dc483380baa99b2257e",
        "version" : "0.10.0"
      }
    }
  ],
  "version" : 3
}
