{
  "pins" : [
    {
      "identity" : "alamofire",
      "kind" : "remoteSourceControl",
      "location" : "https://github.com/Alamofire/Alamofire",
      "state" : {
        "revision" : "f455c2975872ccd2d9c81594c658af65716e9b9a",
        "version" : "5.9.1"
      }
    },
    {
      "identity" : "ohhttpstubs",
      "kind" : "remoteSourceControl",
      "location" : "https://github.com/AliSoftware/OHHTTPStubs",
      "state" : {
        "revision" : "12f19662426d0434d6c330c6974d53e2eb10ecd9",
        "version" : "9.1.0"
      }
    },
    {
      "identity" : "wordpress-ios-shared",
      "kind" : "remoteSourceControl",
      "location" : "https://github.com/wordpress-mobile/WordPress-iOS-Shared.git",
      "state" : {
        "branch" : "task/remove-swiftlint",
        "revision" : "85dfbf34fc7d6ca73ae230991ceb5a335ee6f30e"
      }
    },
    {
      "identity" : "wpxmlrpc",
      "kind" : "remoteSourceControl",
      "location" : "https://github.com/wordpress-mobile/wpxmlrpc",
      "state" : {
        "revision" : "bfc413d336bdeaab89e62dc483380baa99b2257e",
        "version" : "0.10.0"
      }
    }
  ],
  "version" : 2
}
