PODS:
  - OCMock (3.9.3)
  - OHHTTPStubs (9.1.0):
    - OHHTTPStubs/Default (= 9.1.0)
  - OHHTTPStubs/Core (9.1.0)
  - OHHTTPStubs/Default (9.1.0):
    - OHHTTPStubs/Core
    - OHHTTPStubs/JSON
    - OHHTTPStubs/NSURLSession
    - OHHTTPStubs/OHPathHelpers
  - OHHTTPStubs/JSON (9.1.0):
    - OHHTTPStubs/Core
  - OHHTTPStubs/NSURLSession (9.1.0):
    - OHHTTPStubs/Core
  - OHHTTPStubs/OHPathHelpers (9.1.0)
  - OHHTTPStubs/Swift (9.1.0):
    - OHHTTPStubs/Default
  - SwiftLint (0.54.0)

DEPENDENCIES:
  - OCMock (~> 3.4)
  - OHHTTPStubs (~> 9.0)
  - OHHTTPStubs/Swift (~> 9.0)
  - SwiftLint (= 0.54.0)

SPEC REPOS:
  trunk:
    - OCMock
    - OHHTTPStubs
    - SwiftLint

SPEC CHECKSUMS:
  OCMock: 300b1b1b9155cb6378660b981c2557448830bdc6
  OHHTTPStubs: 90eac6d8f2c18317baeca36698523dc67c513831
  SwiftLint: c1de071d9d08c8aba837545f6254315bc900e211

PODFILE CHECKSUM: a15d6be1e4b1409ba20fc010b083eb31a737269f

COCOAPODS: 1.15.2
