PODS:
  - Alamofire (4.8.2)
  - CocoaLumberjack (3.7.2):
    - CocoaLumberjack/Core (= 3.7.2)
  - CocoaLumberjack/Core (3.7.2)
  - FormatterKit/Resources (1.9.0)
  - FormatterKit/TimeIntervalFormatter (1.9.0):
    - FormatterKit/Resources
  - NSObject-SafeExpectations (0.0.4)
  - OCMock (3.8.1)
  - OHHTTPStubs (9.1.0):
    - OHHTTPStubs/Default (= 9.1.0)
  - OHHTTPStubs/Core (9.1.0)
  - OHHTTPStubs/Default (9.1.0):
    - OHHTTPStubs/Core
    - OHHTTPStubs/JSON
    - OHHTTPStubs/NSURLSession
    - OHHTTPStubs/OHPathHelpers
  - OHHTTPStubs/JSON (9.1.0):
    - OHHTTPStubs/Core
  - OHHTTPStubs/NSURLSession (9.1.0):
    - OHHTTPStubs/Core
  - OHHTTPStubs/OHPathHelpers (9.1.0)
  - OHHTTPStubs/Swift (9.1.0):
    - OHHTTPStubs/Default
  - UIDeviceIdentifier (1.4.0)
  - WordPressShared (1.15.0):
    - CocoaLumberjack (~> 3.4)
    - FormatterKit/TimeIntervalFormatter (~> 1.8)
  - wpxmlrpc (0.9.0)

DEPENDENCIES:
  - Alamofire (~> 4.8.0)
  - CocoaLumberjack (~> 3.4)
  - NSObject-SafeExpectations (~> 0.0.4)
  - OCMock (~> 3.4)
  - OHHTTPStubs (~> 9.0)
  - OHHTTPStubs/Swift (~> 9.0)
  - UIDeviceIdentifier (~> 1.4)
  - WordPressShared (~> 1.15.0-beta.1)
  - wpxmlrpc (~> 0.9.0)

SPEC REPOS:
  trunk:
    - Alamofire
    - CocoaLumberjack
    - FormatterKit
    - NSObject-SafeExpectations
    - OCMock
    - OHHTTPStubs
    - UIDeviceIdentifier
    - WordPressShared
    - wpxmlrpc

SPEC CHECKSUMS:
  Alamofire: ae5c501addb7afdbb13687d7f2f722c78734c2d3
  CocoaLumberjack: b7e05132ff94f6ae4dfa9d5bce9141893a21d9da
  FormatterKit: 184db51bf120b633693a73624a4cede89ec51a41
  NSObject-SafeExpectations: ab8fe623d36b25aa1f150affa324e40a2f3c0374
  OCMock: 29f6e52085b4e7d9b075cbf03ed7c3112f82f934
  OHHTTPStubs: 90eac6d8f2c18317baeca36698523dc67c513831
  UIDeviceIdentifier: 44f805037d21b94394821828f4fcaba34b38c2d0
  WordPressShared: 2d2b45d8945221b716a0e2f23932dadb750d9a74
  wpxmlrpc: bf55a43a7e710bd2a4fb8c02dfe83b1246f14f13

PODFILE CHECKSUM: e7a29e9c8f160247f1b6574c8ffeb17b498ce35b

COCOAPODS: 1.10.2
