// !$*UTF8*$!
{
	archiveVersion = 1;
	classes = {
	};
	objectVersion = 73;
	objects = {

/* Begin PBXBuildFile section */
		0C363D422C41B455004E241D /* OCMock in Frameworks */ = {isa = PBXBuildFile; productRef = 0C363D412C41B455004E241D /* OCMock */; };
		0C363D452C41B468004E241D /* OHHTTPStubs in Frameworks */ = {isa = PBXBuildFile; productRef = 0C363D442C41B468004E241D /* OHHTTPStubs */; };
		0C363D472C41B468004E241D /* OHHTTPStubsSwift in Frameworks */ = {isa = PBXBuildFile; productRef = 0C363D462C41B468004E241D /* OHHTTPStubsSwift */; };
		0CCD4C5F2C41711800B53F9A /* NSObject-SafeExpectations in Frameworks */ = {isa = PBXBuildFile; productRef = 0CCD4C5E2C41711800B53F9A /* NSObject-SafeExpectations */; };
		0CCD4C622C41712800B53F9A /* wpxmlrpc in Frameworks */ = {isa = PBXBuildFile; productRef = 0CCD4C612C41712800B53F9A /* wpxmlrpc */; };
		3FB8642C2888089F003A86BE /* BuildkiteTestCollector in Frameworks */ = {isa = PBXBuildFile; productRef = 3FB8642B2888089F003A86BE /* BuildkiteTestCollector */; };
		9368C7851EC5EF1B0092CE8E /* WordPressKit.framework in Frameworks */ = {isa = PBXBuildFile; fileRef = 9368C77B1EC5EF1B0092CE8E /* WordPressKit.framework */; };
		FFE247CE20CB1245002DF3A2 /* LICENSE in Resources */ = {isa = PBXBuildFile; fileRef = FFE247CD20CB1245002DF3A2 /* LICENSE */; };
/* End PBXBuildFile section */

/* Begin PBXContainerItemProxy section */
		9368C7861EC5EF1B0092CE8E /* PBXContainerItemProxy */ = {
			isa = PBXContainerItemProxy;
			containerPortal = 9368C7721EC5EF1B0092CE8E /* Project object */;
			proxyType = 1;
			remoteGlobalIDString = 9368C77A1EC5EF1B0092CE8E;
			remoteInfo = WordPressKit;
		};
/* End PBXContainerItemProxy section */

/* Begin PBXFileReference section */
		0C3A2A412A2E7BA500FD91D6 /* CHANGELOG.md */ = {isa = PBXFileReference; lastKnownFileType = net.daringfireball.markdown; path = CHANGELOG.md; sourceTree = "<group>"; };
		0C6183C62C420A3700289E73 /* Package.swift */ = {isa = PBXFileReference; lastKnownFileType = sourcecode.swift; path = Package.swift; sourceTree = "<group>"; };
		9368C77B1EC5EF1B0092CE8E /* WordPressKit.framework */ = {isa = PBXFileReference; explicitFileType = wrapper.framework; includeInIndex = 0; path = WordPressKit.framework; sourceTree = BUILT_PRODUCTS_DIR; };
		9368C7841EC5EF1B0092CE8E /* WordPressKitTests.xctest */ = {isa = PBXFileReference; explicitFileType = wrapper.cfbundle; includeInIndex = 0; path = WordPressKitTests.xctest; sourceTree = BUILT_PRODUCTS_DIR; };
		FFE247CC20CB118A002DF3A2 /* README.md */ = {isa = PBXFileReference; lastKnownFileType = net.daringfireball.markdown; path = README.md; sourceTree = "<group>"; };
		FFE247CD20CB1245002DF3A2 /* LICENSE */ = {isa = PBXFileReference; fileEncoding = 4; lastKnownFileType = text; path = LICENSE; sourceTree = "<group>"; };
/* End PBXFileReference section */

/* Begin PBXFileSystemSynchronizedBuildFileExceptionSet section */
		4A33EE582E5E6E23006E7B89 /* PBXFileSystemSynchronizedBuildFileExceptionSet */ = {
			isa = PBXFileSystemSynchronizedBuildFileExceptionSet;
			membershipExceptions = (
				WordPressKit/Info.plist,
			);
			privateHeaders = (
				"WordPressKit/Private/WPKit-Swift.h",
			);
			publicHeaders = (
				APIInterface/include/FilePart.h,
				APIInterface/include/WordPressComRestApiErrorDomain.h,
				APIInterface/include/WordPressComRESTAPIInterfacing.h,
				APIInterface/include/WordPressComRESTAPIVersion.h,
				APIInterface/include/WordPressComRESTAPIVersionedPathBuilder.h,
				BasicBlogAPIObjc/ServiceRemoteWordPressComREST.h,
				WordPressKit/Logging/WPKitLogging.h,
				WordPressKit/Models/RemoteComment.h,
				WordPressKit/Models/RemoteMedia.h,
				WordPressKit/Models/RemotePost.h,
				WordPressKit/Models/RemotePostCategory.h,
				WordPressKit/Models/RemotePostTag.h,
				WordPressKit/Models/RemotePostType.h,
				WordPressKit/Models/RemoteReaderPost.h,
				WordPressKit/Models/RemoteSourcePostAttribution.h,
				WordPressKit/Models/RemoteTaxonomyPaging.h,
				WordPressKit/Models/RemoteTheme.h,
				WordPressKit/Models/RemoteUser.h,
				WordPressKit/Services/AccountServiceRemote.h,
				WordPressKit/Services/AccountServiceRemoteREST.h,
				WordPressKit/Services/BlogServiceRemote.h,
				WordPressKit/Services/BlogServiceRemoteREST.h,
				WordPressKit/Services/BlogServiceRemoteXMLRPC.h,
				WordPressKit/Services/CommentServiceRemote.h,
				WordPressKit/Services/CommentServiceRemoteREST.h,
				WordPressKit/Services/CommentServiceRemoteXMLRPC.h,
				WordPressKit/Services/MediaServiceRemote.h,
				WordPressKit/Services/MediaServiceRemoteREST.h,
				WordPressKit/Services/MediaServiceRemoteXMLRPC.h,
				WordPressKit/Services/MenusServiceRemote.h,
				WordPressKit/Services/PostServiceRemote.h,
				WordPressKit/Services/PostServiceRemoteOptions.h,
				WordPressKit/Services/PostServiceRemoteREST.h,
				WordPressKit/Services/PostServiceRemoteXMLRPC.h,
				WordPressKit/Services/ReaderPostServiceRemote.h,
				WordPressKit/Services/ReaderSiteServiceRemote.h,
				WordPressKit/Services/ReaderTopicServiceRemote.h,
				WordPressKit/Services/ServiceRemoteWordPressXMLRPC.h,
				WordPressKit/Services/SiteServiceRemoteWordPressComREST.h,
				WordPressKit/Services/TaxonomyServiceRemote.h,
				WordPressKit/Services/TaxonomyServiceRemoteREST.h,
				WordPressKit/Services/TaxonomyServiceRemoteXMLRPC.h,
				WordPressKit/Services/ThemeServiceRemote.h,
				WordPressKit/Services/WordPressComServiceRemote.h,
				"WordPressKit/Utility/NSString+MD5.h",
				WordPressKit/WordPressKit.h,
				WordPressShared/DisplayableImageHelper.h,
				"WordPressShared/NSBundle+VersionNumberHelper.h",
				"WordPressShared/NSString+Helpers.h",
				"WordPressShared/NSString+XMLExtensions.h",
				WordPressShared/WPKitDateUtils.h,
				WordPressShared/WPMapFilterReduce.h,
			);
			target = 9368C77A1EC5EF1B0092CE8E /* WordPressKit */;
		};
		4A33F90B2E5E6F57006E7B89 /* PBXFileSystemSynchronizedBuildFileExceptionSet */ = {
			isa = PBXFileSystemSynchronizedBuildFileExceptionSet;
			membershipExceptions = (
				WordPressKitTests/Info.plist,
				WordPressKitTests/UnitTests.xctestplan,
			);
			target = 9368C7831EC5EF1B0092CE8E /* WordPressKitTests */;
		};
/* End PBXFileSystemSynchronizedBuildFileExceptionSet section */

/* Begin PBXFileSystemSynchronizedGroupBuildPhaseMembershipExceptionSet section */
		4A33EE592E5E6E23006E7B89 /* PBXFileSystemSynchronizedGroupBuildPhaseMembershipExceptionSet */ = {
			isa = PBXFileSystemSynchronizedGroupBuildPhaseMembershipExceptionSet;
			attributesByRelativePath = {
				"WordPressKit/Services/Plugin Management/JetpackPluginManagementClient.swift" = (
					Public,
				);
				"WordPressKit/Services/Plugin Management/PluginManagementClient.swift" = (
					Public,
				);
				"WordPressKit/Services/Plugin Management/SelfHostedPluginManagementClient.swift" = (
					Public,
				);
			};
			buildPhase = 9368C7781EC5EF1B0092CE8E /* Headers */;
			membershipExceptions = (
				"WordPressKit/Services/Plugin Management/JetpackPluginManagementClient.swift",
				"WordPressKit/Services/Plugin Management/PluginManagementClient.swift",
				"WordPressKit/Services/Plugin Management/SelfHostedPluginManagementClient.swift",
			);
		};
/* End PBXFileSystemSynchronizedGroupBuildPhaseMembershipExceptionSet section */

/* Begin PBXFileSystemSynchronizedRootGroup section */
		4A33ED1B2E5E6E23006E7B89 /* Sources */ = {isa = PBXFileSystemSynchronizedRootGroup; exceptions = (4A33EE582E5E6E23006E7B89 /* PBXFileSystemSynchronizedBuildFileExceptionSet */, 4A33EE592E5E6E23006E7B89 /* PBXFileSystemSynchronizedGroupBuildPhaseMembershipExceptionSet */, ); explicitFileTypes = {}; explicitFolders = (); path = Sources; sourceTree = "<group>"; };
		4A33F7502E5E6F57006E7B89 /* Tests */ = {isa = PBXFileSystemSynchronizedRootGroup; exceptions = (4A33F90B2E5E6F57006E7B89 /* PBXFileSystemSynchronizedBuildFileExceptionSet */, ); explicitFileTypes = {}; explicitFolders = (); path = Tests; sourceTree = "<group>"; };
/* End PBXFileSystemSynchronizedRootGroup section */

/* Begin PBXFrameworksBuildPhase section */
		9368C7771EC5EF1B0092CE8E /* Frameworks */ = {
			isa = PBXFrameworksBuildPhase;
			buildActionMask = 2147483647;
			files = (
				0CCD4C5F2C41711800B53F9A /* NSObject-SafeExpectations in Frameworks */,
				0CCD4C622C41712800B53F9A /* wpxmlrpc in Frameworks */,
			);
			runOnlyForDeploymentPostprocessing = 0;
		};
		9368C7811EC5EF1B0092CE8E /* Frameworks */ = {
			isa = PBXFrameworksBuildPhase;
			buildActionMask = 2147483647;
			files = (
				0C363D452C41B468004E241D /* OHHTTPStubs in Frameworks */,
				0C363D472C41B468004E241D /* OHHTTPStubsSwift in Frameworks */,
				3FB8642C2888089F003A86BE /* BuildkiteTestCollector in Frameworks */,
				9368C7851EC5EF1B0092CE8E /* WordPressKit.framework in Frameworks */,
				0C363D422C41B455004E241D /* OCMock in Frameworks */,
			);
			runOnlyForDeploymentPostprocessing = 0;
		};
/* End PBXFrameworksBuildPhase section */

/* Begin PBXGroup section */
		9368C7711EC5EF1B0092CE8E = {
			isa = PBXGroup;
			children = (
				0C6183C62C420A3700289E73 /* Package.swift */,
				4A33ED1B2E5E6E23006E7B89 /* Sources */,
				4A33F7502E5E6F57006E7B89 /* Tests */,
				FFE247CD20CB1245002DF3A2 /* LICENSE */,
				FFE247CC20CB118A002DF3A2 /* README.md */,
				0C3A2A412A2E7BA500FD91D6 /* CHANGELOG.md */,
				9368C77C1EC5EF1B0092CE8E /* Products */,
			);
			sourceTree = "<group>";
		};
		9368C77C1EC5EF1B0092CE8E /* Products */ = {
			isa = PBXGroup;
			children = (
				9368C77B1EC5EF1B0092CE8E /* WordPressKit.framework */,
				9368C7841EC5EF1B0092CE8E /* WordPressKitTests.xctest */,
			);
			name = Products;
			sourceTree = "<group>";
		};
/* End PBXGroup section */

/* Begin PBXHeadersBuildPhase section */
		9368C7781EC5EF1B0092CE8E /* Headers */ = {
			isa = PBXHeadersBuildPhase;
			buildActionMask = 2147483647;
			files = (
			);
			runOnlyForDeploymentPostprocessing = 0;
		};
/* End PBXHeadersBuildPhase section */

/* Begin PBXNativeTarget section */
		9368C77A1EC5EF1B0092CE8E /* WordPressKit */ = {
			isa = PBXNativeTarget;
			buildConfigurationList = 9368C78F1EC5EF1B0092CE8E /* Build configuration list for PBXNativeTarget "WordPressKit" */;
			buildPhases = (
				9368C7781EC5EF1B0092CE8E /* Headers */,
				9368C7761EC5EF1B0092CE8E /* Sources */,
				9368C7771EC5EF1B0092CE8E /* Frameworks */,
				9368C7791EC5EF1B0092CE8E /* Resources */,
				0C2F2A2C2C41F82B000A153E /* SwiftLint */,
			);
			buildRules = (
			);
			dependencies = (
			);
			fileSystemSynchronizedGroups = (
				4A33ED1B2E5E6E23006E7B89 /* Sources */,
			);
			name = WordPressKit;
			packageProductDependencies = (
				0CCD4C5E2C41711800B53F9A /* NSObject-SafeExpectations */,
				0CCD4C612C41712800B53F9A /* wpxmlrpc */,
			);
			productName = WordPressKit;
			productReference = 9368C77B1EC5EF1B0092CE8E /* WordPressKit.framework */;
			productType = "com.apple.product-type.framework";
		};
		9368C7831EC5EF1B0092CE8E /* WordPressKitTests */ = {
			isa = PBXNativeTarget;
			buildConfigurationList = 9368C7921EC5EF1B0092CE8E /* Build configuration list for PBXNativeTarget "WordPressKitTests" */;
			buildPhases = (
				9368C7801EC5EF1B0092CE8E /* Sources */,
				9368C7811EC5EF1B0092CE8E /* Frameworks */,
				9368C7821EC5EF1B0092CE8E /* Resources */,
			);
			buildRules = (
			);
			dependencies = (
				9368C7871EC5EF1B0092CE8E /* PBXTargetDependency */,
			);
			fileSystemSynchronizedGroups = (
				4A33F7502E5E6F57006E7B89 /* Tests */,
			);
			name = WordPressKitTests;
			packageProductDependencies = (
				3FB8642B2888089F003A86BE /* BuildkiteTestCollector */,
				0C363D412C41B455004E241D /* OCMock */,
				0C363D442C41B468004E241D /* OHHTTPStubs */,
				0C363D462C41B468004E241D /* OHHTTPStubsSwift */,
			);
			productName = WordPressKitTests;
			productReference = 9368C7841EC5EF1B0092CE8E /* WordPressKitTests.xctest */;
			productType = "com.apple.product-type.bundle.unit-test";
		};
/* End PBXNativeTarget section */

/* Begin PBXProject section */
		9368C7721EC5EF1B0092CE8E /* Project object */ = {
			isa = PBXProject;
			attributes = {
				BuildIndependentTargetsInParallel = YES;
				LastUpgradeCheck = 1530;
				ORGANIZATIONNAME = "Automattic Inc.";
				TargetAttributes = {
					9368C77A1EC5EF1B0092CE8E = {
						CreatedOnToolsVersion = 8.3.2;
						LastSwiftMigration = 1130;
						ProvisioningStyle = Automatic;
					};
					9368C7831EC5EF1B0092CE8E = {
						CreatedOnToolsVersion = 8.3.2;
						LastSwiftMigration = 1130;
						ProvisioningStyle = Automatic;
					};
				};
			};
			buildConfigurationList = 9368C7751EC5EF1B0092CE8E /* Build configuration list for PBXProject "WordPressKit" */;
			developmentRegion = en;
			hasScannedForEncodings = 0;
			knownRegions = (
				en,
				Base,
			);
			mainGroup = 9368C7711EC5EF1B0092CE8E;
			packageReferences = (
				3FB8642A2888089F003A86BE /* XCRemoteSwiftPackageReference "test-collector-swift" */,
				0CCD4C5D2C41711800B53F9A /* XCRemoteSwiftPackageReference "NSObject-SafeExpectations" */,
				0CCD4C602C41712800B53F9A /* XCRemoteSwiftPackageReference "wpxmlrpc" */,
				0C363D402C41B455004E241D /* XCRemoteSwiftPackageReference "ocmock" */,
				0C363D432C41B468004E241D /* XCRemoteSwiftPackageReference "OHHTTPStubs" */,
			);
			preferredProjectObjectVersion = 46;
			productRefGroup = 9368C77C1EC5EF1B0092CE8E /* Products */;
			projectDirPath = "";
			projectRoot = "";
			targets = (
				9368C77A1EC5EF1B0092CE8E /* WordPressKit */,
				9368C7831EC5EF1B0092CE8E /* WordPressKitTests */,
			);
		};
/* End PBXProject section */

/* Begin PBXResourcesBuildPhase section */
		9368C7791EC5EF1B0092CE8E /* Resources */ = {
			isa = PBXResourcesBuildPhase;
			buildActionMask = 2147483647;
			files = (
				FFE247CE20CB1245002DF3A2 /* LICENSE in Resources */,
			);
			runOnlyForDeploymentPostprocessing = 0;
		};
		9368C7821EC5EF1B0092CE8E /* Resources */ = {
			isa = PBXResourcesBuildPhase;
			buildActionMask = 2147483647;
			files = (
			);
			runOnlyForDeploymentPostprocessing = 0;
		};
/* End PBXResourcesBuildPhase section */

/* Begin PBXShellScriptBuildPhase section */
		0C2F2A2C2C41F82B000A153E /* SwiftLint */ = {
			isa = PBXShellScriptBuildPhase;
			alwaysOutOfDate = 1;
			buildActionMask = 2147483647;
			files = (
			);
			inputFileListPaths = (
			);
			inputPaths = (
			);
			name = SwiftLint;
			outputFileListPaths = (
			);
			outputPaths = (
			);
			runOnlyForDeploymentPostprocessing = 0;
			shellPath = /bin/sh;
			shellScript = "./Pods/SwiftLint/swiftlint lint\n";
		};
/* End PBXShellScriptBuildPhase section */

/* Begin PBXSourcesBuildPhase section */
		9368C7761EC5EF1B0092CE8E /* Sources */ = {
			isa = PBXSourcesBuildPhase;
			buildActionMask = 2147483647;
			files = (
			);
			runOnlyForDeploymentPostprocessing = 0;
		};
		9368C7801EC5EF1B0092CE8E /* Sources */ = {
			isa = PBXSourcesBuildPhase;
			buildActionMask = 2147483647;
			files = (
			);
			runOnlyForDeploymentPostprocessing = 0;
		};
/* End PBXSourcesBuildPhase section */

/* Begin PBXTargetDependency section */
		9368C7871EC5EF1B0092CE8E /* PBXTargetDependency */ = {
			isa = PBXTargetDependency;
			target = 9368C77A1EC5EF1B0092CE8E /* WordPressKit */;
			targetProxy = 9368C7861EC5EF1B0092CE8E /* PBXContainerItemProxy */;
		};
/* End PBXTargetDependency section */

/* Begin XCBuildConfiguration section */
		9368C78D1EC5EF1B0092CE8E /* Debug */ = {
			isa = XCBuildConfiguration;
			buildSettings = {
				ALWAYS_SEARCH_USER_PATHS = NO;
				CLANG_ANALYZER_LOCALIZABILITY_NONLOCALIZED = YES;
				CLANG_ANALYZER_NONNULL = YES;
				CLANG_ANALYZER_NUMBER_OBJECT_CONVERSION = YES_AGGRESSIVE;
				CLANG_CXX_LANGUAGE_STANDARD = "gnu++0x";
				CLANG_CXX_LIBRARY = "libc++";
				CLANG_ENABLE_MODULES = YES;
				CLANG_ENABLE_OBJC_ARC = YES;
				CLANG_WARN_BLOCK_CAPTURE_AUTORELEASING = YES;
				CLANG_WARN_BOOL_CONVERSION = YES;
				CLANG_WARN_COMMA = YES;
				CLANG_WARN_CONSTANT_CONVERSION = YES;
				CLANG_WARN_DEPRECATED_OBJC_IMPLEMENTATIONS = YES;
				CLANG_WARN_DIRECT_OBJC_ISA_USAGE = YES_ERROR;
				CLANG_WARN_DOCUMENTATION_COMMENTS = YES;
				CLANG_WARN_EMPTY_BODY = YES;
				CLANG_WARN_ENUM_CONVERSION = YES;
				CLANG_WARN_INFINITE_RECURSION = YES;
				CLANG_WARN_INT_CONVERSION = YES;
				CLANG_WARN_NON_LITERAL_NULL_CONVERSION = YES;
				CLANG_WARN_OBJC_IMPLICIT_RETAIN_SELF = YES;
				CLANG_WARN_OBJC_LITERAL_CONVERSION = YES;
				CLANG_WARN_OBJC_ROOT_CLASS = YES_ERROR;
				CLANG_WARN_QUOTED_INCLUDE_IN_FRAMEWORK_HEADER = YES;
				CLANG_WARN_RANGE_LOOP_ANALYSIS = YES;
				CLANG_WARN_STRICT_PROTOTYPES = YES;
				CLANG_WARN_SUSPICIOUS_MOVE = YES;
				CLANG_WARN_UNREACHABLE_CODE = YES;
				CLANG_WARN__DUPLICATE_METHOD_MATCH = YES;
				"CODE_SIGN_IDENTITY[sdk=iphoneos*]" = "iPhone Developer";
				COPY_PHASE_STRIP = NO;
				CURRENT_PROJECT_VERSION = 1;
				DEBUG_INFORMATION_FORMAT = dwarf;
				ENABLE_STRICT_OBJC_MSGSEND = YES;
				ENABLE_TESTABILITY = YES;
				ENABLE_USER_SCRIPT_SANDBOXING = NO;
				GCC_C_LANGUAGE_STANDARD = gnu99;
				GCC_DYNAMIC_NO_PIC = NO;
				GCC_NO_COMMON_BLOCKS = YES;
				GCC_OPTIMIZATION_LEVEL = 0;
				GCC_PREPROCESSOR_DEFINITIONS = (
					"DEBUG=1",
					"$(inherited)",
				);
				GCC_WARN_64_TO_32_BIT_CONVERSION = YES;
				GCC_WARN_ABOUT_RETURN_TYPE = YES_ERROR;
				GCC_WARN_UNDECLARED_SELECTOR = YES;
				GCC_WARN_UNINITIALIZED_AUTOS = YES_AGGRESSIVE;
				GCC_WARN_UNUSED_FUNCTION = YES;
				GCC_WARN_UNUSED_VARIABLE = YES;
				IPHONEOS_DEPLOYMENT_TARGET = 13.0;
				MTL_ENABLE_DEBUG_INFO = YES;
				ONLY_ACTIVE_ARCH = YES;
				SDKROOT = iphoneos;
				SWIFT_VERSION = 4.2;
				TARGETED_DEVICE_FAMILY = "1,2";
				VERSIONING_SYSTEM = "apple-generic";
				VERSION_INFO_PREFIX = "";
			};
			name = Debug;
		};
		9368C78E1EC5EF1B0092CE8E /* Release */ = {
			isa = XCBuildConfiguration;
			buildSettings = {
				ALWAYS_SEARCH_USER_PATHS = NO;
				CLANG_ANALYZER_LOCALIZABILITY_NONLOCALIZED = YES;
				CLANG_ANALYZER_NONNULL = YES;
				CLANG_ANALYZER_NUMBER_OBJECT_CONVERSION = YES_AGGRESSIVE;
				CLANG_CXX_LANGUAGE_STANDARD = "gnu++0x";
				CLANG_CXX_LIBRARY = "libc++";
				CLANG_ENABLE_MODULES = YES;
				CLANG_ENABLE_OBJC_ARC = YES;
				CLANG_WARN_BLOCK_CAPTURE_AUTORELEASING = YES;
				CLANG_WARN_BOOL_CONVERSION = YES;
				CLANG_WARN_COMMA = YES;
				CLANG_WARN_CONSTANT_CONVERSION = YES;
				CLANG_WARN_DEPRECATED_OBJC_IMPLEMENTATIONS = YES;
				CLANG_WARN_DIRECT_OBJC_ISA_USAGE = YES_ERROR;
				CLANG_WARN_DOCUMENTATION_COMMENTS = YES;
				CLANG_WARN_EMPTY_BODY = YES;
				CLANG_WARN_ENUM_CONVERSION = YES;
				CLANG_WARN_INFINITE_RECURSION = YES;
				CLANG_WARN_INT_CONVERSION = YES;
				CLANG_WARN_NON_LITERAL_NULL_CONVERSION = YES;
				CLANG_WARN_OBJC_IMPLICIT_RETAIN_SELF = YES;
				CLANG_WARN_OBJC_LITERAL_CONVERSION = YES;
				CLANG_WARN_OBJC_ROOT_CLASS = YES_ERROR;
				CLANG_WARN_QUOTED_INCLUDE_IN_FRAMEWORK_HEADER = YES;
				CLANG_WARN_RANGE_LOOP_ANALYSIS = YES;
				CLANG_WARN_STRICT_PROTOTYPES = YES;
				CLANG_WARN_SUSPICIOUS_MOVE = YES;
				CLANG_WARN_UNREACHABLE_CODE = YES;
				CLANG_WARN__DUPLICATE_METHOD_MATCH = YES;
				"CODE_SIGN_IDENTITY[sdk=iphoneos*]" = "iPhone Developer";
				COPY_PHASE_STRIP = NO;
				CURRENT_PROJECT_VERSION = 1;
				DEBUG_INFORMATION_FORMAT = "dwarf-with-dsym";
				ENABLE_NS_ASSERTIONS = NO;
				ENABLE_STRICT_OBJC_MSGSEND = YES;
				ENABLE_USER_SCRIPT_SANDBOXING = NO;
				GCC_C_LANGUAGE_STANDARD = gnu99;
				GCC_NO_COMMON_BLOCKS = YES;
				GCC_WARN_64_TO_32_BIT_CONVERSION = YES;
				GCC_WARN_ABOUT_RETURN_TYPE = YES_ERROR;
				GCC_WARN_UNDECLARED_SELECTOR = YES;
				GCC_WARN_UNINITIALIZED_AUTOS = YES_AGGRESSIVE;
				GCC_WARN_UNUSED_FUNCTION = YES;
				GCC_WARN_UNUSED_VARIABLE = YES;
				IPHONEOS_DEPLOYMENT_TARGET = 13.0;
				MTL_ENABLE_DEBUG_INFO = NO;
				SDKROOT = iphoneos;
				SWIFT_COMPILATION_MODE = wholemodule;
				SWIFT_OPTIMIZATION_LEVEL = "-O";
				SWIFT_VERSION = 4.2;
				TARGETED_DEVICE_FAMILY = "1,2";
				VALIDATE_PRODUCT = YES;
				VERSIONING_SYSTEM = "apple-generic";
				VERSION_INFO_PREFIX = "";
			};
			name = Release;
		};
		9368C7901EC5EF1B0092CE8E /* Debug */ = {
			isa = XCBuildConfiguration;
			buildSettings = {
				APPLICATION_EXTENSION_API_ONLY = NO;
				CLANG_ANALYZER_LOCALIZABILITY_NONLOCALIZED = YES;
				CLANG_ANALYZER_NONNULL = YES_NONAGGRESSIVE;
				CLANG_ANALYZER_NUMBER_OBJECT_CONVERSION = YES;
				CLANG_ENABLE_MODULES = YES;
				CLANG_WARN_DOCUMENTATION_COMMENTS = NO;
				CODE_SIGN_IDENTITY = "";
				DEFINES_MODULE = YES;
				DYLIB_COMPATIBILITY_VERSION = 1;
				DYLIB_CURRENT_VERSION = 1;
				DYLIB_INSTALL_NAME_BASE = "@rpath";
				INFOPLIST_FILE = Sources/WordPressKit/Info.plist;
				INSTALL_PATH = "$(LOCAL_LIBRARY_DIR)/Frameworks";
				LD_RUNPATH_SEARCH_PATHS = (
					"$(inherited)",
					"@executable_path/Frameworks",
					"@loader_path/Frameworks",
				);
				MARKETING_VERSION = 4.15.0;
				MODULE_VERIFIER_SUPPORTED_LANGUAGE_STANDARDS = "gnu99 gnu++11";
				PRODUCT_BUNDLE_IDENTIFIER = com.automattic.WordPressKit;
				PRODUCT_NAME = "$(TARGET_NAME)";
				SKIP_INSTALL = YES;
				SWIFT_OPTIMIZATION_LEVEL = "-Onone";
				SWIFT_VERSION = 5.0;
			};
			name = Debug;
		};
		9368C7911EC5EF1B0092CE8E /* Release */ = {
			isa = XCBuildConfiguration;
			buildSettings = {
				APPLICATION_EXTENSION_API_ONLY = NO;
				CLANG_ANALYZER_LOCALIZABILITY_NONLOCALIZED = YES;
				CLANG_ANALYZER_NONNULL = YES_NONAGGRESSIVE;
				CLANG_ANALYZER_NUMBER_OBJECT_CONVERSION = YES;
				CLANG_ENABLE_MODULES = YES;
				CLANG_WARN_DOCUMENTATION_COMMENTS = NO;
				CODE_SIGN_IDENTITY = "";
				DEFINES_MODULE = YES;
				DYLIB_COMPATIBILITY_VERSION = 1;
				DYLIB_CURRENT_VERSION = 1;
				DYLIB_INSTALL_NAME_BASE = "@rpath";
				INFOPLIST_FILE = Sources/WordPressKit/Info.plist;
				INSTALL_PATH = "$(LOCAL_LIBRARY_DIR)/Frameworks";
				LD_RUNPATH_SEARCH_PATHS = (
					"$(inherited)",
					"@executable_path/Frameworks",
					"@loader_path/Frameworks",
				);
				MARKETING_VERSION = 4.15.0;
				MODULE_VERIFIER_SUPPORTED_LANGUAGE_STANDARDS = "gnu99 gnu++11";
				PRODUCT_BUNDLE_IDENTIFIER = com.automattic.WordPressKit;
				PRODUCT_NAME = "$(TARGET_NAME)";
				SKIP_INSTALL = YES;
				SWIFT_VERSION = 5.0;
			};
			name = Release;
		};
		9368C7931EC5EF1B0092CE8E /* Debug */ = {
			isa = XCBuildConfiguration;
			buildSettings = {
				CLANG_ENABLE_MODULES = YES;
				CLANG_WARN_DOCUMENTATION_COMMENTS = NO;
				HEADER_SEARCH_PATHS = (
					"${inherited}",
					"$(SDKROOT)/usr/include/libxml2",
				);
				INFOPLIST_FILE = Tests/WordPressKitTests/Info.plist;
				LD_RUNPATH_SEARCH_PATHS = (
					"$(inherited)",
					"@executable_path/Frameworks",
					"@loader_path/Frameworks",
				);
				PRODUCT_BUNDLE_IDENTIFIER = com.automattic.WordPressKitTests;
				PRODUCT_NAME = "$(TARGET_NAME)";
				SWIFT_OBJC_BRIDGING_HEADER = "Tests/WordPressKitTests/WordPressKitTests-Bridging-Header.h";
				SWIFT_OPTIMIZATION_LEVEL = "-Onone";
				SWIFT_VERSION = 5.0;
			};
			name = Debug;
		};
		9368C7941EC5EF1B0092CE8E /* Release */ = {
			isa = XCBuildConfiguration;
			buildSettings = {
				CLANG_ENABLE_MODULES = YES;
				CLANG_WARN_DOCUMENTATION_COMMENTS = NO;
				HEADER_SEARCH_PATHS = (
					"${inherited}",
					"$(SDKROOT)/usr/include/libxml2",
				);
				INFOPLIST_FILE = Tests/WordPressKitTests/Info.plist;
				LD_RUNPATH_SEARCH_PATHS = (
					"$(inherited)",
					"@executable_path/Frameworks",
					"@loader_path/Frameworks",
				);
				PRODUCT_BUNDLE_IDENTIFIER = com.automattic.WordPressKitTests;
				PRODUCT_NAME = "$(TARGET_NAME)";
				SWIFT_OBJC_BRIDGING_HEADER = "Tests/WordPressKitTests/WordPressKitTests-Bridging-Header.h";
				SWIFT_VERSION = 5.0;
			};
			name = Release;
		};
		93D436171EC638A100626832 /* Release-Internal */ = {
			isa = XCBuildConfiguration;
			buildSettings = {
				ALWAYS_SEARCH_USER_PATHS = NO;
				CLANG_ANALYZER_LOCALIZABILITY_NONLOCALIZED = YES;
				CLANG_ANALYZER_NONNULL = YES;
				CLANG_ANALYZER_NUMBER_OBJECT_CONVERSION = YES_AGGRESSIVE;
				CLANG_CXX_LANGUAGE_STANDARD = "gnu++0x";
				CLANG_CXX_LIBRARY = "libc++";
				CLANG_ENABLE_MODULES = YES;
				CLANG_ENABLE_OBJC_ARC = YES;
				CLANG_WARN_BLOCK_CAPTURE_AUTORELEASING = YES;
				CLANG_WARN_BOOL_CONVERSION = YES;
				CLANG_WARN_COMMA = YES;
				CLANG_WARN_CONSTANT_CONVERSION = YES;
				CLANG_WARN_DEPRECATED_OBJC_IMPLEMENTATIONS = YES;
				CLANG_WARN_DIRECT_OBJC_ISA_USAGE = YES_ERROR;
				CLANG_WARN_DOCUMENTATION_COMMENTS = YES;
				CLANG_WARN_EMPTY_BODY = YES;
				CLANG_WARN_ENUM_CONVERSION = YES;
				CLANG_WARN_INFINITE_RECURSION = YES;
				CLANG_WARN_INT_CONVERSION = YES;
				CLANG_WARN_NON_LITERAL_NULL_CONVERSION = YES;
				CLANG_WARN_OBJC_IMPLICIT_RETAIN_SELF = YES;
				CLANG_WARN_OBJC_LITERAL_CONVERSION = YES;
				CLANG_WARN_OBJC_ROOT_CLASS = YES_ERROR;
				CLANG_WARN_QUOTED_INCLUDE_IN_FRAMEWORK_HEADER = YES;
				CLANG_WARN_RANGE_LOOP_ANALYSIS = YES;
				CLANG_WARN_STRICT_PROTOTYPES = YES;
				CLANG_WARN_SUSPICIOUS_MOVE = YES;
				CLANG_WARN_UNREACHABLE_CODE = YES;
				CLANG_WARN__DUPLICATE_METHOD_MATCH = YES;
				"CODE_SIGN_IDENTITY[sdk=iphoneos*]" = "iPhone Developer";
				COPY_PHASE_STRIP = NO;
				CURRENT_PROJECT_VERSION = 1;
				DEBUG_INFORMATION_FORMAT = "dwarf-with-dsym";
				ENABLE_NS_ASSERTIONS = NO;
				ENABLE_STRICT_OBJC_MSGSEND = YES;
				ENABLE_USER_SCRIPT_SANDBOXING = NO;
				GCC_C_LANGUAGE_STANDARD = gnu99;
				GCC_NO_COMMON_BLOCKS = YES;
				GCC_WARN_64_TO_32_BIT_CONVERSION = YES;
				GCC_WARN_ABOUT_RETURN_TYPE = YES_ERROR;
				GCC_WARN_UNDECLARED_SELECTOR = YES;
				GCC_WARN_UNINITIALIZED_AUTOS = YES_AGGRESSIVE;
				GCC_WARN_UNUSED_FUNCTION = YES;
				GCC_WARN_UNUSED_VARIABLE = YES;
				IPHONEOS_DEPLOYMENT_TARGET = 13.0;
				MTL_ENABLE_DEBUG_INFO = NO;
				SDKROOT = iphoneos;
				SWIFT_COMPILATION_MODE = wholemodule;
				SWIFT_OPTIMIZATION_LEVEL = "-O";
				SWIFT_VERSION = 4.2;
				TARGETED_DEVICE_FAMILY = "1,2";
				VALIDATE_PRODUCT = YES;
				VERSIONING_SYSTEM = "apple-generic";
				VERSION_INFO_PREFIX = "";
			};
			name = "Release-Internal";
		};
		93D436181EC638A100626832 /* Release-Internal */ = {
			isa = XCBuildConfiguration;
			buildSettings = {
				APPLICATION_EXTENSION_API_ONLY = NO;
				CLANG_ANALYZER_LOCALIZABILITY_NONLOCALIZED = YES;
				CLANG_ANALYZER_NONNULL = YES_NONAGGRESSIVE;
				CLANG_ANALYZER_NUMBER_OBJECT_CONVERSION = YES;
				CLANG_ENABLE_MODULES = YES;
				CLANG_WARN_DOCUMENTATION_COMMENTS = NO;
				CODE_SIGN_IDENTITY = "";
				DEFINES_MODULE = YES;
				DYLIB_COMPATIBILITY_VERSION = 1;
				DYLIB_CURRENT_VERSION = 1;
				DYLIB_INSTALL_NAME_BASE = "@rpath";
				INFOPLIST_FILE = Sources/WordPressKit/Info.plist;
				INSTALL_PATH = "$(LOCAL_LIBRARY_DIR)/Frameworks";
				LD_RUNPATH_SEARCH_PATHS = (
					"$(inherited)",
					"@executable_path/Frameworks",
					"@loader_path/Frameworks",
				);
				MARKETING_VERSION = 4.15.0;
				MODULE_VERIFIER_SUPPORTED_LANGUAGE_STANDARDS = "gnu99 gnu++11";
				PRODUCT_BUNDLE_IDENTIFIER = com.automattic.WordPressKit;
				PRODUCT_NAME = "$(TARGET_NAME)";
				SKIP_INSTALL = YES;
				SWIFT_VERSION = 5.0;
			};
			name = "Release-Internal";
		};
		93D436191EC638A100626832 /* Release-Internal */ = {
			isa = XCBuildConfiguration;
			buildSettings = {
				CLANG_ENABLE_MODULES = YES;
				CLANG_WARN_DOCUMENTATION_COMMENTS = NO;
				HEADER_SEARCH_PATHS = (
					"${inherited}",
					"$(SDKROOT)/usr/include/libxml2",
				);
				INFOPLIST_FILE = Tests/WordPressKitTests/Info.plist;
				LD_RUNPATH_SEARCH_PATHS = (
					"$(inherited)",
					"@executable_path/Frameworks",
					"@loader_path/Frameworks",
				);
				PRODUCT_BUNDLE_IDENTIFIER = com.automattic.WordPressKitTests;
				PRODUCT_NAME = "$(TARGET_NAME)";
				SWIFT_OBJC_BRIDGING_HEADER = "Tests/WordPressKitTests/WordPressKitTests-Bridging-Header.h";
				SWIFT_VERSION = 5.0;
			};
			name = "Release-Internal";
		};
		93D4361A1EC638A800626832 /* Release-Alpha */ = {
			isa = XCBuildConfiguration;
			buildSettings = {
				ALWAYS_SEARCH_USER_PATHS = NO;
				CLANG_ANALYZER_LOCALIZABILITY_NONLOCALIZED = YES;
				CLANG_ANALYZER_NONNULL = YES;
				CLANG_ANALYZER_NUMBER_OBJECT_CONVERSION = YES_AGGRESSIVE;
				CLANG_CXX_LANGUAGE_STANDARD = "gnu++0x";
				CLANG_CXX_LIBRARY = "libc++";
				CLANG_ENABLE_MODULES = YES;
				CLANG_ENABLE_OBJC_ARC = YES;
				CLANG_WARN_BLOCK_CAPTURE_AUTORELEASING = YES;
				CLANG_WARN_BOOL_CONVERSION = YES;
				CLANG_WARN_COMMA = YES;
				CLANG_WARN_CONSTANT_CONVERSION = YES;
				CLANG_WARN_DEPRECATED_OBJC_IMPLEMENTATIONS = YES;
				CLANG_WARN_DIRECT_OBJC_ISA_USAGE = YES_ERROR;
				CLANG_WARN_DOCUMENTATION_COMMENTS = YES;
				CLANG_WARN_EMPTY_BODY = YES;
				CLANG_WARN_ENUM_CONVERSION = YES;
				CLANG_WARN_INFINITE_RECURSION = YES;
				CLANG_WARN_INT_CONVERSION = YES;
				CLANG_WARN_NON_LITERAL_NULL_CONVERSION = YES;
				CLANG_WARN_OBJC_IMPLICIT_RETAIN_SELF = YES;
				CLANG_WARN_OBJC_LITERAL_CONVERSION = YES;
				CLANG_WARN_OBJC_ROOT_CLASS = YES_ERROR;
				CLANG_WARN_QUOTED_INCLUDE_IN_FRAMEWORK_HEADER = YES;
				CLANG_WARN_RANGE_LOOP_ANALYSIS = YES;
				CLANG_WARN_STRICT_PROTOTYPES = YES;
				CLANG_WARN_SUSPICIOUS_MOVE = YES;
				CLANG_WARN_UNREACHABLE_CODE = YES;
				CLANG_WARN__DUPLICATE_METHOD_MATCH = YES;
				"CODE_SIGN_IDENTITY[sdk=iphoneos*]" = "iPhone Developer";
				COPY_PHASE_STRIP = NO;
				CURRENT_PROJECT_VERSION = 1;
				DEBUG_INFORMATION_FORMAT = "dwarf-with-dsym";
				ENABLE_NS_ASSERTIONS = NO;
				ENABLE_STRICT_OBJC_MSGSEND = YES;
				ENABLE_USER_SCRIPT_SANDBOXING = NO;
				GCC_C_LANGUAGE_STANDARD = gnu99;
				GCC_NO_COMMON_BLOCKS = YES;
				GCC_WARN_64_TO_32_BIT_CONVERSION = YES;
				GCC_WARN_ABOUT_RETURN_TYPE = YES_ERROR;
				GCC_WARN_UNDECLARED_SELECTOR = YES;
				GCC_WARN_UNINITIALIZED_AUTOS = YES_AGGRESSIVE;
				GCC_WARN_UNUSED_FUNCTION = YES;
				GCC_WARN_UNUSED_VARIABLE = YES;
				IPHONEOS_DEPLOYMENT_TARGET = 13.0;
				MTL_ENABLE_DEBUG_INFO = NO;
				SDKROOT = iphoneos;
				SWIFT_COMPILATION_MODE = wholemodule;
				SWIFT_OPTIMIZATION_LEVEL = "-O";
				SWIFT_VERSION = 4.2;
				TARGETED_DEVICE_FAMILY = "1,2";
				VALIDATE_PRODUCT = YES;
				VERSIONING_SYSTEM = "apple-generic";
				VERSION_INFO_PREFIX = "";
			};
			name = "Release-Alpha";
		};
		93D4361B1EC638A800626832 /* Release-Alpha */ = {
			isa = XCBuildConfiguration;
			buildSettings = {
				APPLICATION_EXTENSION_API_ONLY = NO;
				CLANG_ANALYZER_LOCALIZABILITY_NONLOCALIZED = YES;
				CLANG_ANALYZER_NONNULL = YES_NONAGGRESSIVE;
				CLANG_ANALYZER_NUMBER_OBJECT_CONVERSION = YES;
				CLANG_ENABLE_MODULES = YES;
				CLANG_WARN_DOCUMENTATION_COMMENTS = NO;
				CODE_SIGN_IDENTITY = "";
				DEFINES_MODULE = YES;
				DYLIB_COMPATIBILITY_VERSION = 1;
				DYLIB_CURRENT_VERSION = 1;
				DYLIB_INSTALL_NAME_BASE = "@rpath";
				INFOPLIST_FILE = Sources/WordPressKit/Info.plist;
				INSTALL_PATH = "$(LOCAL_LIBRARY_DIR)/Frameworks";
				LD_RUNPATH_SEARCH_PATHS = (
					"$(inherited)",
					"@executable_path/Frameworks",
					"@loader_path/Frameworks",
				);
				MARKETING_VERSION = 4.15.0;
				MODULE_VERIFIER_SUPPORTED_LANGUAGE_STANDARDS = "gnu99 gnu++11";
				PRODUCT_BUNDLE_IDENTIFIER = com.automattic.WordPressKit;
				PRODUCT_NAME = "$(TARGET_NAME)";
				SKIP_INSTALL = YES;
				SWIFT_VERSION = 5.0;
			};
			name = "Release-Alpha";
		};
		93D4361C1EC638A800626832 /* Release-Alpha */ = {
			isa = XCBuildConfiguration;
			buildSettings = {
				CLANG_ENABLE_MODULES = YES;
				CLANG_WARN_DOCUMENTATION_COMMENTS = NO;
				HEADER_SEARCH_PATHS = (
					"${inherited}",
					"$(SDKROOT)/usr/include/libxml2",
				);
				INFOPLIST_FILE = Tests/WordPressKitTests/Info.plist;
				LD_RUNPATH_SEARCH_PATHS = (
					"$(inherited)",
					"@executable_path/Frameworks",
					"@loader_path/Frameworks",
				);
				PRODUCT_BUNDLE_IDENTIFIER = com.automattic.WordPressKitTests;
				PRODUCT_NAME = "$(TARGET_NAME)";
				SWIFT_OBJC_BRIDGING_HEADER = "Tests/WordPressKitTests/WordPressKitTests-Bridging-Header.h";
				SWIFT_VERSION = 5.0;
			};
			name = "Release-Alpha";
		};
/* End XCBuildConfiguration section */

/* Begin XCConfigurationList section */
		9368C7751EC5EF1B0092CE8E /* Build configuration list for PBXProject "WordPressKit" */ = {
			isa = XCConfigurationList;
			buildConfigurations = (
				9368C78D1EC5EF1B0092CE8E /* Debug */,
				9368C78E1EC5EF1B0092CE8E /* Release */,
				93D4361A1EC638A800626832 /* Release-Alpha */,
				93D436171EC638A100626832 /* Release-Internal */,
			);
			defaultConfigurationIsVisible = 0;
			defaultConfigurationName = Release;
		};
		9368C78F1EC5EF1B0092CE8E /* Build configuration list for PBXNativeTarget "WordPressKit" */ = {
			isa = XCConfigurationList;
			buildConfigurations = (
				9368C7901EC5EF1B0092CE8E /* Debug */,
				9368C7911EC5EF1B0092CE8E /* Release */,
				93D4361B1EC638A800626832 /* Release-Alpha */,
				93D436181EC638A100626832 /* Release-Internal */,
			);
			defaultConfigurationIsVisible = 0;
			defaultConfigurationName = Release;
		};
		9368C7921EC5EF1B0092CE8E /* Build configuration list for PBXNativeTarget "WordPressKitTests" */ = {
			isa = XCConfigurationList;
			buildConfigurations = (
				9368C7931EC5EF1B0092CE8E /* Debug */,
				9368C7941EC5EF1B0092CE8E /* Release */,
				93D4361C1EC638A800626832 /* Release-Alpha */,
				93D436191EC638A100626832 /* Release-Internal */,
			);
			defaultConfigurationIsVisible = 0;
			defaultConfigurationName = Release;
		};
/* End XCConfigurationList section */

/* Begin XCRemoteSwiftPackageReference section */
		0C363D402C41B455004E241D /* XCRemoteSwiftPackageReference "ocmock" */ = {
			isa = XCRemoteSwiftPackageReference;
			repositoryURL = "https://github.com/erikdoe/ocmock";
			requirement = {
				kind = revision;
				revision = 2c0bfd373289f4a7716db5d6db471640f91a6507;
			};
		};
		0C363D432C41B468004E241D /* XCRemoteSwiftPackageReference "OHHTTPStubs" */ = {
			isa = XCRemoteSwiftPackageReference;
			repositoryURL = "https://github.com/AliSoftware/OHHTTPStubs";
			requirement = {
				kind = upToNextMajorVersion;
				minimumVersion = 9.1.0;
			};
		};
		0CCD4C5D2C41711800B53F9A /* XCRemoteSwiftPackageReference "NSObject-SafeExpectations" */ = {
			isa = XCRemoteSwiftPackageReference;
			repositoryURL = "https://github.com/wordpress-mobile/NSObject-SafeExpectations";
			requirement = {
				kind = upToNextMajorVersion;
				minimumVersion = 0.0.6;
			};
		};
		0CCD4C602C41712800B53F9A /* XCRemoteSwiftPackageReference "wpxmlrpc" */ = {
			isa = XCRemoteSwiftPackageReference;
			repositoryURL = "https://github.com/wordpress-mobile/wpxmlrpc";
			requirement = {
				kind = upToNextMajorVersion;
				minimumVersion = 0.10.0;
			};
		};
		3FB8642A2888089F003A86BE /* XCRemoteSwiftPackageReference "test-collector-swift" */ = {
			isa = XCRemoteSwiftPackageReference;
			repositoryURL = "https://github.com/buildkite/test-collector-swift";
			requirement = {
				kind = upToNextMajorVersion;
				minimumVersion = 0.4.0;
			};
		};
/* End XCRemoteSwiftPackageReference section */

/* Begin XCSwiftPackageProductDependency section */
		0C363D412C41B455004E241D /* OCMock */ = {
			isa = XCSwiftPackageProductDependency;
			package = 0C363D402C41B455004E241D /* XCRemoteSwiftPackageReference "ocmock" */;
			productName = OCMock;
		};
		0C363D442C41B468004E241D /* OHHTTPStubs */ = {
			isa = XCSwiftPackageProductDependency;
			package = 0C363D432C41B468004E241D /* XCRemoteSwiftPackageReference "OHHTTPStubs" */;
			productName = OHHTTPStubs;
		};
		0C363D462C41B468004E241D /* OHHTTPStubsSwift */ = {
			isa = XCSwiftPackageProductDependency;
			package = 0C363D432C41B468004E241D /* XCRemoteSwiftPackageReference "OHHTTPStubs" */;
			productName = OHHTTPStubsSwift;
		};
		0CCD4C5E2C41711800B53F9A /* NSObject-SafeExpectations */ = {
			isa = XCSwiftPackageProductDependency;
			package = 0CCD4C5D2C41711800B53F9A /* XCRemoteSwiftPackageReference "NSObject-SafeExpectations" */;
			productName = "NSObject-SafeExpectations";
		};
		0CCD4C612C41712800B53F9A /* wpxmlrpc */ = {
			isa = XCSwiftPackageProductDependency;
			package = 0CCD4C602C41712800B53F9A /* XCRemoteSwiftPackageReference "wpxmlrpc" */;
			productName = wpxmlrpc;
		};
		3FB8642B2888089F003A86BE /* BuildkiteTestCollector */ = {
			isa = XCSwiftPackageProductDependency;
			package = 3FB8642A2888089F003A86BE /* XCRemoteSwiftPackageReference "test-collector-swift" */;
			productName = BuildkiteTestCollector;
		};
/* End XCSwiftPackageProductDependency section */
	};
	rootObject = 9368C7721EC5EF1B0092CE8E /* Project object */;
}
