{
  "pins" : [
    {
      "identity" : "wpxmlrpc",
      "kind" : "remoteSourceControl",
      "location" : "https://github.com/wordpress-mobile/wpxmlrpc",
      "state" : {
        "revision" : "bfc413d336bdeaab89e62dc483380baa99b2257e",
        "version" : "0.10.0"
      }
    }
  ],
  "version" : 2
}
