{
  "originHash" : "f28a54e288718485642adbe7b780a05abf05f95f0f435b3f87b6d3684b95d268",
  "pins" : [
    {
      "identity" : "test-collector-swift",
      "kind" : "remoteSourceControl",
      "location" : "https://github.com/buildkite/test-collector-swift",
      "state" : {
        "revision" : "6e46839e1a4507ee047acd0896e29b9b278d9e3a",
        "version" : "0.4.0"
      }
    }
  ],
  "version" : 3
}
